
Microsoft Visual Studio Solution File, Format Version 11.00
# Visual Studio 2010
Project("{F184B08F-C81C-45F6-A57F-5ABD9991F28F}") = "NETEdwardClorina", "NETEdwardClorina\NETEdwardClorina.vbproj", "{F379D868-1847-4250-96F7-FD0E1565CD2D}"
EndProject
Project("{F184B08F-C81C-45F6-A57F-5ABD9991F28F}") = "EdwardClorinaTest", "EdwardClorinaTest\EdwardClorinaTest.vbproj", "{8B4F6D6C-24F0-4AB8-9E02-51D575D6ADC8}"
EndProject
Project("{2150E333-8FDC-42A3-9474-1A3956D46DE8}") = "Solution Items", "Solution Items", "{13969DE9-BCF4-4359-B491-ADC350CBF3BE}"
	ProjectSection(SolutionItems) = preProject
		Local.testsettings = Local.testsettings
		NETEdwardClorina.vsmdi = NETEdwardClorina.vsmdi
		TraceAndTestImpact.testsettings = TraceAndTestImpact.testsettings
	EndProjectSection
EndProject
Project("{F184B08F-C81C-45F6-A57F-5ABD9991F28F}") = "BusinessTier", "BusinessTier\BusinessTier.vbproj", "{594FAF39-5429-4910-8C6C-F071C751FA61}"
EndProject
Global
	GlobalSection(TestCaseManagementSettings) = postSolution
		CategoryFile = NETEdwardClorina.vsmdi
	EndGlobalSection
	GlobalSection(SolutionConfigurationPlatforms) = preSolution
		Debug|Any CPU = Debug|Any CPU
		Debug|Mixed Platforms = Debug|Mixed Platforms
		Debug|x86 = Debug|x86
		Release|Any CPU = Release|Any CPU
		Release|Mixed Platforms = Release|Mixed Platforms
		Release|x86 = Release|x86
	EndGlobalSection
	GlobalSection(ProjectConfigurationPlatforms) = postSolution
		{F379D868-1847-4250-96F7-FD0E1565CD2D}.Debug|Any CPU.ActiveCfg = Debug|x86
		{F379D868-1847-4250-96F7-FD0E1565CD2D}.Debug|Mixed Platforms.ActiveCfg = Debug|x86
		{F379D868-1847-4250-96F7-FD0E1565CD2D}.Debug|Mixed Platforms.Build.0 = Debug|x86
		{F379D868-1847-4250-96F7-FD0E1565CD2D}.Debug|x86.ActiveCfg = Debug|x86
		{F379D868-1847-4250-96F7-FD0E1565CD2D}.Debug|x86.Build.0 = Debug|x86
		{F379D868-1847-4250-96F7-FD0E1565CD2D}.Release|Any CPU.ActiveCfg = Release|x86
		{F379D868-1847-4250-96F7-FD0E1565CD2D}.Release|Mixed Platforms.ActiveCfg = Release|x86
		{F379D868-1847-4250-96F7-FD0E1565CD2D}.Release|Mixed Platforms.Build.0 = Release|x86
		{F379D868-1847-4250-96F7-FD0E1565CD2D}.Release|x86.ActiveCfg = Release|x86
		{F379D868-1847-4250-96F7-FD0E1565CD2D}.Release|x86.Build.0 = Release|x86
		{8B4F6D6C-24F0-4AB8-9E02-51D575D6ADC8}.Debug|Any CPU.ActiveCfg = Debug|Any CPU
		{8B4F6D6C-24F0-4AB8-9E02-51D575D6ADC8}.Debug|Any CPU.Build.0 = Debug|Any CPU
		{8B4F6D6C-24F0-4AB8-9E02-51D575D6ADC8}.Debug|Mixed Platforms.ActiveCfg = Debug|Any CPU
		{8B4F6D6C-24F0-4AB8-9E02-51D575D6ADC8}.Debug|Mixed Platforms.Build.0 = Debug|Any CPU
		{8B4F6D6C-24F0-4AB8-9E02-51D575D6ADC8}.Debug|x86.ActiveCfg = Debug|Any CPU
		{8B4F6D6C-24F0-4AB8-9E02-51D575D6ADC8}.Release|Any CPU.ActiveCfg = Release|Any CPU
		{8B4F6D6C-24F0-4AB8-9E02-51D575D6ADC8}.Release|Any CPU.Build.0 = Release|Any CPU
		{8B4F6D6C-24F0-4AB8-9E02-51D575D6ADC8}.Release|Mixed Platforms.ActiveCfg = Release|Any CPU
		{8B4F6D6C-24F0-4AB8-9E02-51D575D6ADC8}.Release|Mixed Platforms.Build.0 = Release|Any CPU
		{8B4F6D6C-24F0-4AB8-9E02-51D575D6ADC8}.Release|x86.ActiveCfg = Release|Any CPU
		{594FAF39-5429-4910-8C6C-F071C751FA61}.Debug|Any CPU.ActiveCfg = Debug|Any CPU
		{594FAF39-5429-4910-8C6C-F071C751FA61}.Debug|Any CPU.Build.0 = Debug|Any CPU
		{594FAF39-5429-4910-8C6C-F071C751FA61}.Debug|Mixed Platforms.ActiveCfg = Debug|Any CPU
		{594FAF39-5429-4910-8C6C-F071C751FA61}.Debug|Mixed Platforms.Build.0 = Debug|Any CPU
		{594FAF39-5429-4910-8C6C-F071C751FA61}.Debug|x86.ActiveCfg = Debug|Any CPU
		{594FAF39-5429-4910-8C6C-F071C751FA61}.Release|Any CPU.ActiveCfg = Release|Any CPU
		{594FAF39-5429-4910-8C6C-F071C751FA61}.Release|Any CPU.Build.0 = Release|Any CPU
		{594FAF39-5429-4910-8C6C-F071C751FA61}.Release|Mixed Platforms.ActiveCfg = Release|Any CPU
		{594FAF39-5429-4910-8C6C-F071C751FA61}.Release|Mixed Platforms.Build.0 = Release|Any CPU
		{594FAF39-5429-4910-8C6C-F071C751FA61}.Release|x86.ActiveCfg = Release|Any CPU
	EndGlobalSection
	GlobalSection(SolutionProperties) = preSolution
		HideSolutionNode = FALSE
	EndGlobalSection
EndGlobal
